
Microsoft Visual Studio Solution File, Format Version 12.00
# Visual Studio Version 17
VisualStudioVersion = 17.9.34728.123
MinimumVisualStudioVersion = 10.0.40219.1
Project("{FAE04EC0-301F-11D3-BF4B-00C04F79EFBC}") = "Assignment6.4", "Assignment6.4.csproj", "{88AA1B20-7FB0-4CA6-AC3D-FE62834D2BC0}"
EndProject
Global
	GlobalSection(SolutionConfigurationPlatforms) = preSolution
		Debug|Any CPU = Debug|Any CPU
		Release|Any CPU = Release|Any CPU
	EndGlobalSection
	GlobalSection(ProjectConfigurationPlatforms) = postSolution
		{88AA1B20-7FB0-4CA6-AC3D-FE62834D2BC0}.Debug|Any CPU.ActiveCfg = Debug|Any CPU
		{88AA1B20-7FB0-4CA6-AC3D-FE62834D2BC0}.Debug|Any CPU.Build.0 = Debug|Any CPU
		{88AA1B20-7FB0-4CA6-AC3D-FE62834D2BC0}.Release|Any CPU.ActiveCfg = Release|Any CPU
		{88AA1B20-7FB0-4CA6-AC3D-FE62834D2BC0}.Release|Any CPU.Build.0 = Release|Any CPU
	EndGlobalSection
	GlobalSection(SolutionProperties) = preSolution
		HideSolutionNode = FALSE
	EndGlobalSection
	GlobalSection(ExtensibilityGlobals) = postSolution
		SolutionGuid = {D72CF2B3-4AC5-44C9-A9F8-3877167EB49C}
	EndGlobalSection
EndGlobal
